
Microsoft Visual Studio Solution File, Format Version 12.00
# Visual Studio 14
VisualStudioVersion = 14.0.25123.0
MinimumVisualStudioVersion = 10.0.40219.1
Project("{8BB2217D-0F2D-49D1-97BC-3654ED321F3B}") = "0.BasicSpa", "0-basic-spa\0.BasicSpa.xproj", "{8F5CB8A9-3086-4B49-A1C2-32A9F89BCA11}"
EndProject
Project("{8BB2217D-0F2D-49D1-97BC-3654ED321F3B}") = "1.PrerenderSpa", "1-prerender-spa\1.PrerenderSpa.xproj", "{5BD680B0-1A7D-4CB1-9790-E3DF8D1B6BEA}"
EndProject
Project("{8BB2217D-0F2D-49D1-97BC-3654ED321F3B}") = "2.ReactReduxSpa", "2-react-redux\2.ReactReduxSpa.xproj", "{DBFC6DB0-A6D1-4694-A108-1C604B988DA3}"
EndProject
Project("{8BB2217D-0F2D-49D1-97BC-3654ED321F3B}") = "3.CombinedSample", "3-combined-sample\3.CombinedSample.xproj", "{F994D3D9-A4DC-433E-9C71-DEB06840CEC3}"
EndProject
Global
	GlobalSection(SolutionConfigurationPlatforms) = preSolution
		Debug|Any CPU = Debug|Any CPU
		Release|Any CPU = Release|Any CPU
	EndGlobalSection
	GlobalSection(ProjectConfigurationPlatforms) = postSolution
		{8F5CB8A9-3086-4B49-A1C2-32A9F89BCA11}.Debug|Any CPU.ActiveCfg = Debug|Any CPU
		{8F5CB8A9-3086-4B49-A1C2-32A9F89BCA11}.Debug|Any CPU.Build.0 = Debug|Any CPU
		{8F5CB8A9-3086-4B49-A1C2-32A9F89BCA11}.Release|Any CPU.ActiveCfg = Release|Any CPU
		{8F5CB8A9-3086-4B49-A1C2-32A9F89BCA11}.Release|Any CPU.Build.0 = Release|Any CPU
		{5BD680B0-1A7D-4CB1-9790-E3DF8D1B6BEA}.Debug|Any CPU.ActiveCfg = Debug|Any CPU
		{5BD680B0-1A7D-4CB1-9790-E3DF8D1B6BEA}.Debug|Any CPU.Build.0 = Debug|Any CPU
		{5BD680B0-1A7D-4CB1-9790-E3DF8D1B6BEA}.Release|Any CPU.ActiveCfg = Release|Any CPU
		{5BD680B0-1A7D-4CB1-9790-E3DF8D1B6BEA}.Release|Any CPU.Build.0 = Release|Any CPU
		{DBFC6DB0-A6D1-4694-A108-1C604B988DA3}.Debug|Any CPU.ActiveCfg = Debug|Any CPU
		{DBFC6DB0-A6D1-4694-A108-1C604B988DA3}.Debug|Any CPU.Build.0 = Debug|Any CPU
		{DBFC6DB0-A6D1-4694-A108-1C604B988DA3}.Release|Any CPU.ActiveCfg = Release|Any CPU
		{DBFC6DB0-A6D1-4694-A108-1C604B988DA3}.Release|Any CPU.Build.0 = Release|Any CPU
		{F994D3D9-A4DC-433E-9C71-DEB06840CEC3}.Debug|Any CPU.ActiveCfg = Debug|Any CPU
		{F994D3D9-A4DC-433E-9C71-DEB06840CEC3}.Debug|Any CPU.Build.0 = Debug|Any CPU
		{F994D3D9-A4DC-433E-9C71-DEB06840CEC3}.Release|Any CPU.ActiveCfg = Release|Any CPU
		{F994D3D9-A4DC-433E-9C71-DEB06840CEC3}.Release|Any CPU.Build.0 = Release|Any CPU
	EndGlobalSection
	GlobalSection(SolutionProperties) = preSolution
		HideSolutionNode = FALSE
	EndGlobalSection
EndGlobal
